uuid: 2af3d607-589e-48c1-a9dc-aca75376fbdf
langcode: fr
status: true
dependencies:
  config:
    - views.view.content_blocks_list
  module:
    - system
    - views
  theme:
    - psaur_clap_studio
id: clap_studio_views_block__content_blocks_list_block
theme: psaur_clap_studio
region: content
weight: -6
provider: null
plugin: 'views_block:content_blocks_list-block_6'
settings:
  id: 'views_block:content_blocks_list-block_6'
  label: ''
  label_display: '0'
  provider: views
  views_label: ''
  items_per_page: null
visibility:
  request_path:
    id: request_path
    negate: false
    pages: '<front>'
