uuid: df95c3c0-8504-496f-8832-1c72301887a8
langcode: en
status: true
dependencies:
  module:
    - updated
  theme:
    - psaur_solo_base
id: psaur_solo_base_lastupdateddateblock
theme: psaur_solo_base
region: content
weight: -1
provider: null
plugin: updated_date_block
settings:
  id: updated_date_block
  label: 'Last Updated date block'
  label_display: '0'
  provider: updated
  context_mapping:
    node: '@node.node_route_context:node'
  date_prefix: 'Last updated on'
  date_format: custom
  custom_date_format: 'F j, Y g:ia'
  timezone: ''
visibility: {  }
