uuid: b7789818-54b4-41fd-9779-68e93894dfbb
langcode: fr
status: true
dependencies:
  config:
    - views.view.content_blocks_list
  module:
    - system
    - views
  theme:
    - psaur_local_scientific_tourism
id: local_scientific_tourism_views_block__content_blocks_list_block
theme: psaur_local_scientific_tourism
region: content
weight: -6
provider: null
plugin: 'views_block:content_blocks_list-block_8'
settings:
  id: 'views_block:content_blocks_list-block_8'
  label: ''
  label_display: '0'
  provider: views
  views_label: ''
  items_per_page: null
visibility:
  request_path:
    id: request_path
    negate: false
    pages: '<front>'
