uuid: 9f09c099-69a9-4183-bf3e-cb57a1e52210
langcode: fr
status: true
dependencies:
  config:
    - views.view.content_blocks_list
  module:
    - system
    - views
  theme:
    - psaur_ai_consultant_solo
id: ai_consultant_solo_views_block__content_blocks_list_block
theme: psaur_ai_consultant_solo
region: content
weight: -7
provider: null
plugin: 'views_block:content_blocks_list-block_5'
settings:
  id: 'views_block:content_blocks_list-block_5'
  label: ''
  label_display: '0'
  provider: views
  views_label: ''
  items_per_page: null
visibility:
  request_path:
    id: request_path
    negate: false
    pages: '<front>'
