uuid: 564e1fde-ef1b-4cf8-809b-d7417405c006
langcode: fr
status: true
dependencies:
  config:
    - views.view.content_blocks_list
  module:
    - system
    - views
  theme:
    - psaur_humans
id: humans_views_block__content_blocks_list_block
theme: psaur_humans
region: content
weight: -6
provider: null
plugin: 'views_block:content_blocks_list-block_7'
settings:
  id: 'views_block:content_blocks_list-block_7'
  label: ''
  label_display: '0'
  provider: views
  views_label: ''
  items_per_page: null
visibility:
  request_path:
    id: request_path
    negate: false
    pages: '<front>'
