uuid: 16968778-f073-450f-ac90-241ceeeb9b78
langcode: fr
status: true
dependencies:
  module:
    - block_content
    - node
id: node.field_block
field_name: field_block
entity_type: node
type: entity_reference
settings:
  target_type: block_content
module: core
locked: false
cardinality: -1
translatable: true
indexes: {  }
persist_with_no_fields: false
custom_storage: false
